// !$*UTF8*$!
{
	archiveVersion = 1;
	classes = {
	};
	objectVersion = 55;
	objects = {

/* Begin PBXBuildFile section */
		46EB6DBA048A18C59F6177EF /* Pods_UnsplashTestAssignment.framework in Frameworks */ = {isa = PBXBuildFile; fileRef = 240126AB8E81223F969C684B /* Pods_UnsplashTestAssignment.framework */; };
		D8466572279749CC00BA0793 /* AppDelegate.swift in Sources */ = {isa = PBXBuildFile; fileRef = D8466571279749CC00BA0793 /* AppDelegate.swift */; };
		D846657B279749D100BA0793 /* Assets.xcassets in Resources */ = {isa = PBXBuildFile; fileRef = D846657A279749D100BA0793 /* Assets.xcassets */; };
		D846657E279749D100BA0793 /* LaunchScreen.storyboard in Resources */ = {isa = PBXBuildFile; fileRef = D846657C279749D100BA0793 /* LaunchScreen.storyboard */; };
		D8667CC1279966E00045B8F7 /* CoreDataService.swift in Sources */ = {isa = PBXBuildFile; fileRef = D8667CC0279966E00045B8F7 /* CoreDataService.swift */; };
		D8667CC3279967150045B8F7 /* PhotoDetailsScreenViewController.swift in Sources */ = {isa = PBXBuildFile; fileRef = D8667CC2279967150045B8F7 /* PhotoDetailsScreenViewController.swift */; };
		D8667CC5279967280045B8F7 /* PhotoDetailsViewModel.swift in Sources */ = {isa = PBXBuildFile; fileRef = D8667CC4279967280045B8F7 /* PhotoDetailsViewModel.swift */; };
		D8667CC82799711B0045B8F7 /* Favorites.xcdatamodeld in Sources */ = {isa = PBXBuildFile; fileRef = D8667CC62799711B0045B8F7 /* Favorites.xcdatamodeld */; };
		D8667CD4279974E80045B8F7 /* CDPhoto+CoreDataClass.swift in Sources */ = {isa = PBXBuildFile; fileRef = D8667CD2279974E80045B8F7 /* CDPhoto+CoreDataClass.swift */; };
		D8667CD5279974E80045B8F7 /* CDPhoto+CoreDataProperties.swift in Sources */ = {isa = PBXBuildFile; fileRef = D8667CD3279974E80045B8F7 /* CDPhoto+CoreDataProperties.swift */; };
		D8667CD82799E7920045B8F7 /* FavoritesViewController.swift in Sources */ = {isa = PBXBuildFile; fileRef = D8667CD72799E7920045B8F7 /* FavoritesViewController.swift */; };
		D8667CDA2799E7AA0045B8F7 /* FavoritesViewModel.swift in Sources */ = {isa = PBXBuildFile; fileRef = D8667CD92799E7AA0045B8F7 /* FavoritesViewModel.swift */; };
		D8667CDC2799E7B60045B8F7 /* FavoritesCell.swift in Sources */ = {isa = PBXBuildFile; fileRef = D8667CDB2799E7B60045B8F7 /* FavoritesCell.swift */; };
		D8667CDF2799E7CE0045B8F7 /* FavoritesCellViewModel.swift in Sources */ = {isa = PBXBuildFile; fileRef = D8667CDE2799E7CE0045B8F7 /* FavoritesCellViewModel.swift */; };
		D8667CE5279B12B90045B8F7 /* Router.swift in Sources */ = {isa = PBXBuildFile; fileRef = D8667CE4279B12B90045B8F7 /* Router.swift */; };
		D89ECAE42798113C000637B2 /* ErrorDomain.swift in Sources */ = {isa = PBXBuildFile; fileRef = D89ECAE32798113C000637B2 /* ErrorDomain.swift */; };
		D89ECAEA27981A88000637B2 /* RandomPhotoCollectionCell.swift in Sources */ = {isa = PBXBuildFile; fileRef = D89ECAE927981A88000637B2 /* RandomPhotoCollectionCell.swift */; };
		D89ECAEC27981ABA000637B2 /* RandomPhotoCellViewModel.swift in Sources */ = {isa = PBXBuildFile; fileRef = D89ECAEB27981ABA000637B2 /* RandomPhotoCellViewModel.swift */; };
		D89ECAEE27982FC0000637B2 /* Constants.swift in Sources */ = {isa = PBXBuildFile; fileRef = D89ECAED27982FC0000637B2 /* Constants.swift */; };
		D89ECAF02798370E000637B2 /* R.generated.swift in Sources */ = {isa = PBXBuildFile; fileRef = D89ECAEF2798370E000637B2 /* R.generated.swift */; };
		D89ECAF3279837DE000637B2 /* UIKitHelpers.swift in Sources */ = {isa = PBXBuildFile; fileRef = D89ECAF2279837DE000637B2 /* UIKitHelpers.swift */; };
		D8E86A0927975E300069DEC8 /* MyTabBarController.swift in Sources */ = {isa = PBXBuildFile; fileRef = D8E86A0827975E300069DEC8 /* MyTabBarController.swift */; };
		D8E86A0C27975FF40069DEC8 /* RandomPhotosViewController.swift in Sources */ = {isa = PBXBuildFile; fileRef = D8E86A0B27975FF40069DEC8 /* RandomPhotosViewController.swift */; };
		D8E86A0E279760050069DEC8 /* RandomPhotosViewModel.swift in Sources */ = {isa = PBXBuildFile; fileRef = D8E86A0D279760050069DEC8 /* RandomPhotosViewModel.swift */; };
		D8E86A1127976DF50069DEC8 /* UnsplashService.swift in Sources */ = {isa = PBXBuildFile; fileRef = D8E86A1027976DF50069DEC8 /* UnsplashService.swift */; };
		D8E86A13279778130069DEC8 /* UnsplashPhotoModel.swift in Sources */ = {isa = PBXBuildFile; fileRef = D8E86A12279778130069DEC8 /* UnsplashPhotoModel.swift */; };
/* End PBXBuildFile section */

/* Begin PBXFileReference section */
		240126AB8E81223F969C684B /* Pods_UnsplashTestAssignment.framework */ = {isa = PBXFileReference; explicitFileType = wrapper.framework; includeInIndex = 0; path = Pods_UnsplashTestAssignment.framework; sourceTree = BUILT_PRODUCTS_DIR; };
		6D55DA9CFC9D0FC41F824CB7 /* Pods-UnsplashTestAssignment.debug.xcconfig */ = {isa = PBXFileReference; includeInIndex = 1; lastKnownFileType = text.xcconfig; name = "Pods-UnsplashTestAssignment.debug.xcconfig"; path = "Target Support Files/Pods-UnsplashTestAssignment/Pods-UnsplashTestAssignment.debug.xcconfig"; sourceTree = "<group>"; };
		D670C891384E30C3774EE495 /* Pods-UnsplashTestAssignment.release.xcconfig */ = {isa = PBXFileReference; includeInIndex = 1; lastKnownFileType = text.xcconfig; name = "Pods-UnsplashTestAssignment.release.xcconfig"; path = "Target Support Files/Pods-UnsplashTestAssignment/Pods-UnsplashTestAssignment.release.xcconfig"; sourceTree = "<group>"; };
		D846656E279749CC00BA0793 /* UnsplashTestAssignment.app */ = {isa = PBXFileReference; explicitFileType = wrapper.application; includeInIndex = 0; path = UnsplashTestAssignment.app; sourceTree = BUILT_PRODUCTS_DIR; };
		D8466571279749CC00BA0793 /* AppDelegate.swift */ = {isa = PBXFileReference; lastKnownFileType = sourcecode.swift; path = AppDelegate.swift; sourceTree = "<group>"; };
		D846657A279749D100BA0793 /* Assets.xcassets */ = {isa = PBXFileReference; lastKnownFileType = folder.assetcatalog; path = Assets.xcassets; sourceTree = "<group>"; };
		D846657D279749D100BA0793 /* Base */ = {isa = PBXFileReference; lastKnownFileType = file.storyboard; name = Base; path = Base.lproj/LaunchScreen.storyboard; sourceTree = "<group>"; };
		D846657F279749D100BA0793 /* Info.plist */ = {isa = PBXFileReference; lastKnownFileType = text.plist.xml; path = Info.plist; sourceTree = "<group>"; };
		D8667CC0279966E00045B8F7 /* CoreDataService.swift */ = {isa = PBXFileReference; lastKnownFileType = sourcecode.swift; path = CoreDataService.swift; sourceTree = "<group>"; };
		D8667CC2279967150045B8F7 /* PhotoDetailsScreenViewController.swift */ = {isa = PBXFileReference; lastKnownFileType = sourcecode.swift; path = PhotoDetailsScreenViewController.swift; sourceTree = "<group>"; };
		D8667CC4279967280045B8F7 /* PhotoDetailsViewModel.swift */ = {isa = PBXFileReference; lastKnownFileType = sourcecode.swift; path = PhotoDetailsViewModel.swift; sourceTree = "<group>"; };
		D8667CC72799711B0045B8F7 /* Favorites.xcdatamodel */ = {isa = PBXFileReference; lastKnownFileType = wrapper.xcdatamodel; path = Favorites.xcdatamodel; sourceTree = "<group>"; };
		D8667CD2279974E80045B8F7 /* CDPhoto+CoreDataClass.swift */ = {isa = PBXFileReference; fileEncoding = 4; lastKnownFileType = sourcecode.swift; path = "CDPhoto+CoreDataClass.swift"; sourceTree = "<group>"; };
		D8667CD3279974E80045B8F7 /* CDPhoto+CoreDataProperties.swift */ = {isa = PBXFileReference; fileEncoding = 4; lastKnownFileType = sourcecode.swift; path = "CDPhoto+CoreDataProperties.swift"; sourceTree = "<group>"; };
		D8667CD72799E7920045B8F7 /* FavoritesViewController.swift */ = {isa = PBXFileReference; lastKnownFileType = sourcecode.swift; path = FavoritesViewController.swift; sourceTree = "<group>"; };
		D8667CD92799E7AA0045B8F7 /* FavoritesViewModel.swift */ = {isa = PBXFileReference; lastKnownFileType = sourcecode.swift; path = FavoritesViewModel.swift; sourceTree = "<group>"; };
		D8667CDB2799E7B60045B8F7 /* FavoritesCell.swift */ = {isa = PBXFileReference; lastKnownFileType = sourcecode.swift; path = FavoritesCell.swift; sourceTree = "<group>"; };
		D8667CDE2799E7CE0045B8F7 /* FavoritesCellViewModel.swift */ = {isa = PBXFileReference; lastKnownFileType = sourcecode.swift; path = FavoritesCellViewModel.swift; sourceTree = "<group>"; };
		D8667CE4279B12B90045B8F7 /* Router.swift */ = {isa = PBXFileReference; lastKnownFileType = sourcecode.swift; path = Router.swift; sourceTree = "<group>"; };
		D89ECAE32798113C000637B2 /* ErrorDomain.swift */ = {isa = PBXFileReference; lastKnownFileType = sourcecode.swift; path = ErrorDomain.swift; sourceTree = "<group>"; };
		D89ECAE927981A88000637B2 /* RandomPhotoCollectionCell.swift */ = {isa = PBXFileReference; lastKnownFileType = sourcecode.swift; path = RandomPhotoCollectionCell.swift; sourceTree = "<group>"; };
		D89ECAEB27981ABA000637B2 /* RandomPhotoCellViewModel.swift */ = {isa = PBXFileReference; lastKnownFileType = sourcecode.swift; path = RandomPhotoCellViewModel.swift; sourceTree = "<group>"; };
		D89ECAED27982FC0000637B2 /* Constants.swift */ = {isa = PBXFileReference; lastKnownFileType = sourcecode.swift; path = Constants.swift; sourceTree = "<group>"; };
		D89ECAEF2798370E000637B2 /* R.generated.swift */ = {isa = PBXFileReference; fileEncoding = 4; lastKnownFileType = sourcecode.swift; name = R.generated.swift; path = UnsplashTestAssignment/Recources/R.generated.swift; sourceTree = SOURCE_ROOT; };
		D89ECAF2279837DE000637B2 /* UIKitHelpers.swift */ = {isa = PBXFileReference; lastKnownFileType = sourcecode.swift; path = UIKitHelpers.swift; sourceTree = "<group>"; };
		D8E86A0827975E300069DEC8 /* MyTabBarController.swift */ = {isa = PBXFileReference; lastKnownFileType = sourcecode.swift; path = MyTabBarController.swift; sourceTree = "<group>"; };
		D8E86A0B27975FF40069DEC8 /* RandomPhotosViewController.swift */ = {isa = PBXFileReference; lastKnownFileType = sourcecode.swift; path = RandomPhotosViewController.swift; sourceTree = "<group>"; };
		D8E86A0D279760050069DEC8 /* RandomPhotosViewModel.swift */ = {isa = PBXFileReference; lastKnownFileType = sourcecode.swift; path = RandomPhotosViewModel.swift; sourceTree = "<group>"; };
		D8E86A1027976DF50069DEC8 /* UnsplashService.swift */ = {isa = PBXFileReference; lastKnownFileType = sourcecode.swift; path = UnsplashService.swift; sourceTree = "<group>"; };
		D8E86A12279778130069DEC8 /* UnsplashPhotoModel.swift */ = {isa = PBXFileReference; lastKnownFileType = sourcecode.swift; path = UnsplashPhotoModel.swift; sourceTree = "<group>"; };
/* End PBXFileReference section */

/* Begin PBXFrameworksBuildPhase section */
		D846656B279749CC00BA0793 /* Frameworks */ = {
			isa = PBXFrameworksBuildPhase;
			buildActionMask = 2147483647;
			files = (
				46EB6DBA048A18C59F6177EF /* Pods_UnsplashTestAssignment.framework in Frameworks */,
			);
			runOnlyForDeploymentPostprocessing = 0;
		};
/* End PBXFrameworksBuildPhase section */

/* Begin PBXGroup section */
		66717BFA4635BECEF9B28DC7 /* Pods */ = {
			isa = PBXGroup;
			children = (
				6D55DA9CFC9D0FC41F824CB7 /* Pods-UnsplashTestAssignment.debug.xcconfig */,
				D670C891384E30C3774EE495 /* Pods-UnsplashTestAssignment.release.xcconfig */,
			);
			path = Pods;
			sourceTree = "<group>";
		};
		794558B47575DC91EB1C5BA0 /* Frameworks */ = {
			isa = PBXGroup;
			children = (
				240126AB8E81223F969C684B /* Pods_UnsplashTestAssignment.framework */,
			);
			name = Frameworks;
			sourceTree = "<group>";
		};
		D8466565279749CC00BA0793 = {
			isa = PBXGroup;
			children = (
				D8466570279749CC00BA0793 /* UnsplashTestAssignment */,
				D846656F279749CC00BA0793 /* Products */,
				66717BFA4635BECEF9B28DC7 /* Pods */,
				794558B47575DC91EB1C5BA0 /* Frameworks */,
			);
			sourceTree = "<group>";
		};
		D846656F279749CC00BA0793 /* Products */ = {
			isa = PBXGroup;
			children = (
				D846656E279749CC00BA0793 /* UnsplashTestAssignment.app */,
			);
			name = Products;
			sourceTree = "<group>";
		};
		D8466570279749CC00BA0793 /* UnsplashTestAssignment */ = {
			isa = PBXGroup;
			children = (
				D846657F279749D100BA0793 /* Info.plist */,
				D8667CE12799E95B0045B8F7 /* LaunchStuff */,
				D8667CE22799E9710045B8F7 /* Modules */,
				D8667CE02799E9490045B8F7 /* Recources */,
				D89ECAF1279837C8000637B2 /* Helpers */,
				D89ECAE227981122000637B2 /* ErrorResolving */,
				D8E86A0F27976D490069DEC8 /* Services */,
			);
			path = UnsplashTestAssignment;
			sourceTree = "<group>";
		};
		D8667CD1279974C30045B8F7 /* GeneratedSubclass */ = {
			isa = PBXGroup;
			children = (
				D8667CD2279974E80045B8F7 /* CDPhoto+CoreDataClass.swift */,
				D8667CD3279974E80045B8F7 /* CDPhoto+CoreDataProperties.swift */,
			);
			path = GeneratedSubclass;
			sourceTree = "<group>";
		};
		D8667CD62799E77D0045B8F7 /* FavoritesScreen */ = {
			isa = PBXGroup;
			children = (
				D8667CDD2799E7BB0045B8F7 /* Cells */,
				D8667CD72799E7920045B8F7 /* FavoritesViewController.swift */,
				D8667CD92799E7AA0045B8F7 /* FavoritesViewModel.swift */,
			);
			path = FavoritesScreen;
			sourceTree = "<group>";
		};
		D8667CDD2799E7BB0045B8F7 /* Cells */ = {
			isa = PBXGroup;
			children = (
				D8667CDB2799E7B60045B8F7 /* FavoritesCell.swift */,
				D8667CDE2799E7CE0045B8F7 /* FavoritesCellViewModel.swift */,
			);
			path = Cells;
			sourceTree = "<group>";
		};
		D8667CE02799E9490045B8F7 /* Recources */ = {
			isa = PBXGroup;
			children = (
				D89ECAEF2798370E000637B2 /* R.generated.swift */,
				D846657A279749D100BA0793 /* Assets.xcassets */,
			);
			path = Recources;
			sourceTree = "<group>";
		};
		D8667CE12799E95B0045B8F7 /* LaunchStuff */ = {
			isa = PBXGroup;
			children = (
				D8667CE3279B12A30045B8F7 /* Router */,
				D8466571279749CC00BA0793 /* AppDelegate.swift */,
				D846657C279749D100BA0793 /* LaunchScreen.storyboard */,
				D8E86A0827975E300069DEC8 /* MyTabBarController.swift */,
			);
			path = LaunchStuff;
			sourceTree = "<group>";
		};
		D8667CE22799E9710045B8F7 /* Modules */ = {
			isa = PBXGroup;
			children = (
				D8E86A0A27975FCB0069DEC8 /* RandomPhotosScreen */,
				D89ECAE5279813EB000637B2 /* PhotoDetailsScreen */,
				D8667CD62799E77D0045B8F7 /* FavoritesScreen */,
			);
			path = Modules;
			sourceTree = "<group>";
		};
		D8667CE3279B12A30045B8F7 /* Router */ = {
			isa = PBXGroup;
			children = (
				D8667CE4279B12B90045B8F7 /* Router.swift */,
			);
			path = Router;
			sourceTree = "<group>";
		};
		D89ECAE227981122000637B2 /* ErrorResolving */ = {
			isa = PBXGroup;
			children = (
				D89ECAE32798113C000637B2 /* ErrorDomain.swift */,
			);
			path = ErrorResolving;
			sourceTree = "<group>";
		};
		D89ECAE5279813EB000637B2 /* PhotoDetailsScreen */ = {
			isa = PBXGroup;
			children = (
				D8667CC2279967150045B8F7 /* PhotoDetailsScreenViewController.swift */,
				D8667CC4279967280045B8F7 /* PhotoDetailsViewModel.swift */,
			);
			path = PhotoDetailsScreen;
			sourceTree = "<group>";
		};
		D89ECAE627981400000637B2 /* UnsplashService */ = {
			isa = PBXGroup;
			children = (
				D8E86A1027976DF50069DEC8 /* UnsplashService.swift */,
				D8E86A12279778130069DEC8 /* UnsplashPhotoModel.swift */,
			);
			path = UnsplashService;
			sourceTree = "<group>";
		};
		D89ECAE72798140E000637B2 /* CoreDataService */ = {
			isa = PBXGroup;
			children = (
				D8667CD1279974C30045B8F7 /* GeneratedSubclass */,
				D8667CC62799711B0045B8F7 /* Favorites.xcdatamodeld */,
				D8667CC0279966E00045B8F7 /* CoreDataService.swift */,
			);
			path = CoreDataService;
			sourceTree = "<group>";
		};
		D89ECAE827981A72000637B2 /* Cells */ = {
			isa = PBXGroup;
			children = (
				D89ECAE927981A88000637B2 /* RandomPhotoCollectionCell.swift */,
				D89ECAEB27981ABA000637B2 /* RandomPhotoCellViewModel.swift */,
			);
			path = Cells;
			sourceTree = "<group>";
		};
		D89ECAF1279837C8000637B2 /* Helpers */ = {
			isa = PBXGroup;
			children = (
				D89ECAED27982FC0000637B2 /* Constants.swift */,
				D89ECAF2279837DE000637B2 /* UIKitHelpers.swift */,
			);
			path = Helpers;
			sourceTree = "<group>";
		};
		D8E86A0A27975FCB0069DEC8 /* RandomPhotosScreen */ = {
			isa = PBXGroup;
			children = (
				D89ECAE827981A72000637B2 /* Cells */,
				D8E86A0B27975FF40069DEC8 /* RandomPhotosViewController.swift */,
				D8E86A0D279760050069DEC8 /* RandomPhotosViewModel.swift */,
			);
			path = RandomPhotosScreen;
			sourceTree = "<group>";
		};
		D8E86A0F27976D490069DEC8 /* Services */ = {
			isa = PBXGroup;
			children = (
				D89ECAE72798140E000637B2 /* CoreDataService */,
				D89ECAE627981400000637B2 /* UnsplashService */,
			);
			path = Services;
			sourceTree = "<group>";
		};
/* End PBXGroup section */

/* Begin PBXNativeTarget section */
		D846656D279749CC00BA0793 /* UnsplashTestAssignment */ = {
			isa = PBXNativeTarget;
			buildConfigurationList = D8466582279749D100BA0793 /* Build configuration list for PBXNativeTarget "UnsplashTestAssignment" */;
			buildPhases = (
				022AC83A929BA90503736295 /* [CP] Check Pods Manifest.lock */,
				D8E86A0727975C440069DEC8 /* ShellScript */,
				D846656A279749CC00BA0793 /* Sources */,
				D846656B279749CC00BA0793 /* Frameworks */,
				D846656C279749CC00BA0793 /* Resources */,
				322FE47A2F73824F326F5FED /* [CP] Embed Pods Frameworks */,
			);
			buildRules = (
			);
			dependencies = (
			);
			name = UnsplashTestAssignment;
			productName = UnsplashTestAssignment;
			productReference = D846656E279749CC00BA0793 /* UnsplashTestAssignment.app */;
			productType = "com.apple.product-type.application";
		};
/* End PBXNativeTarget section */

/* Begin PBXProject section */
		D8466566279749CC00BA0793 /* Project object */ = {
			isa = PBXProject;
			attributes = {
				BuildIndependentTargetsInParallel = 1;
				LastSwiftUpdateCheck = 1320;
				LastUpgradeCheck = 1320;
				TargetAttributes = {
					D846656D279749CC00BA0793 = {
						CreatedOnToolsVersion = 13.2.1;
					};
				};
			};
			buildConfigurationList = D8466569279749CC00BA0793 /* Build configuration list for PBXProject "UnsplashTestAssignment" */;
			compatibilityVersion = "Xcode 13.0";
			developmentRegion = en;
			hasScannedForEncodings = 0;
			knownRegions = (
				en,
				Base,
			);
			mainGroup = D8466565279749CC00BA0793;
			productRefGroup = D846656F279749CC00BA0793 /* Products */;
			projectDirPath = "";
			projectRoot = "";
			targets = (
				D846656D279749CC00BA0793 /* UnsplashTestAssignment */,
			);
		};
/* End PBXProject section */

/* Begin PBXResourcesBuildPhase section */
		D846656C279749CC00BA0793 /* Resources */ = {
			isa = PBXResourcesBuildPhase;
			buildActionMask = 2147483647;
			files = (
				D846657E279749D100BA0793 /* LaunchScreen.storyboard in Resources */,
				D846657B279749D100BA0793 /* Assets.xcassets in Resources */,
			);
			runOnlyForDeploymentPostprocessing = 0;
		};
/* End PBXResourcesBuildPhase section */

/* Begin PBXShellScriptBuildPhase section */
		022AC83A929BA90503736295 /* [CP] Check Pods Manifest.lock */ = {
			isa = PBXShellScriptBuildPhase;
			buildActionMask = 2147483647;
			files = (
			);
			inputFileListPaths = (
			);
			inputPaths = (
				"${PODS_PODFILE_DIR_PATH}/Podfile.lock",
				"${PODS_ROOT}/Manifest.lock",
			);
			name = "[CP] Check Pods Manifest.lock";
			outputFileListPaths = (
			);
			outputPaths = (
				"$(DERIVED_FILE_DIR)/Pods-UnsplashTestAssignment-checkManifestLockResult.txt",
			);
			runOnlyForDeploymentPostprocessing = 0;
			shellPath = /bin/sh;
			shellScript = "diff \"${PODS_PODFILE_DIR_PATH}/Podfile.lock\" \"${PODS_ROOT}/Manifest.lock\" > /dev/null\nif [ $? != 0 ] ; then\n    # print error to STDERR\n    echo \"error: The sandbox is not in sync with the Podfile.lock. Run 'pod install' or update your CocoaPods installation.\" >&2\n    exit 1\nfi\n# This output is used by Xcode 'outputs' to avoid re-running this script phase.\necho \"SUCCESS\" > \"${SCRIPT_OUTPUT_FILE_0}\"\n";
			showEnvVarsInLog = 0;
		};
		322FE47A2F73824F326F5FED /* [CP] Embed Pods Frameworks */ = {
			isa = PBXShellScriptBuildPhase;
			buildActionMask = 2147483647;
			files = (
			);
			inputFileListPaths = (
				"${PODS_ROOT}/Target Support Files/Pods-UnsplashTestAssignment/Pods-UnsplashTestAssignment-frameworks-${CONFIGURATION}-input-files.xcfilelist",
			);
			name = "[CP] Embed Pods Frameworks";
			outputFileListPaths = (
				"${PODS_ROOT}/Target Support Files/Pods-UnsplashTestAssignment/Pods-UnsplashTestAssignment-frameworks-${CONFIGURATION}-output-files.xcfilelist",
			);
			runOnlyForDeploymentPostprocessing = 0;
			shellPath = /bin/sh;
			shellScript = "\"${PODS_ROOT}/Target Support Files/Pods-UnsplashTestAssignment/Pods-UnsplashTestAssignment-frameworks.sh\"\n";
			showEnvVarsInLog = 0;
		};
		D8E86A0727975C440069DEC8 /* ShellScript */ = {
			isa = PBXShellScriptBuildPhase;
			alwaysOutOfDate = 1;
			buildActionMask = 2147483647;
			files = (
			);
			inputFileListPaths = (
			);
			inputPaths = (
			);
			outputFileListPaths = (
			);
			outputPaths = (
				$SRCROOT/R.generated.swift,
			);
			runOnlyForDeploymentPostprocessing = 0;
			shellPath = /bin/sh;
			shellScript = "\"$PODS_ROOT/R.swift/rswift\" generate \"$SRCROOT/R.generated.swift\"\n";
		};
/* End PBXShellScriptBuildPhase section */

/* Begin PBXSourcesBuildPhase section */
		D846656A279749CC00BA0793 /* Sources */ = {
			isa = PBXSourcesBuildPhase;
			buildActionMask = 2147483647;
			files = (
				D8667CD5279974E80045B8F7 /* CDPhoto+CoreDataProperties.swift in Sources */,
				D8E86A13279778130069DEC8 /* UnsplashPhotoModel.swift in Sources */,
				D8667CDF2799E7CE0045B8F7 /* FavoritesCellViewModel.swift in Sources */,
				D8667CC82799711B0045B8F7 /* Favorites.xcdatamodeld in Sources */,
				D8667CC1279966E00045B8F7 /* CoreDataService.swift in Sources */,
				D89ECAEA27981A88000637B2 /* RandomPhotoCollectionCell.swift in Sources */,
				D89ECAF3279837DE000637B2 /* UIKitHelpers.swift in Sources */,
				D8E86A0E279760050069DEC8 /* RandomPhotosViewModel.swift in Sources */,
				D8466572279749CC00BA0793 /* AppDelegate.swift in Sources */,
				D8667CDC2799E7B60045B8F7 /* FavoritesCell.swift in Sources */,
				D8667CC5279967280045B8F7 /* PhotoDetailsViewModel.swift in Sources */,
				D89ECAE42798113C000637B2 /* ErrorDomain.swift in Sources */,
				D8667CDA2799E7AA0045B8F7 /* FavoritesViewModel.swift in Sources */,
				D8667CD82799E7920045B8F7 /* FavoritesViewController.swift in Sources */,
				D8667CC3279967150045B8F7 /* PhotoDetailsScreenViewController.swift in Sources */,
				D8667CD4279974E80045B8F7 /* CDPhoto+CoreDataClass.swift in Sources */,
				D8667CE5279B12B90045B8F7 /* Router.swift in Sources */,
				D89ECAEE27982FC0000637B2 /* Constants.swift in Sources */,
				D8E86A0927975E300069DEC8 /* MyTabBarController.swift in Sources */,
				D8E86A0C27975FF40069DEC8 /* RandomPhotosViewController.swift in Sources */,
				D8E86A1127976DF50069DEC8 /* UnsplashService.swift in Sources */,
				D89ECAF02798370E000637B2 /* R.generated.swift in Sources */,
				D89ECAEC27981ABA000637B2 /* RandomPhotoCellViewModel.swift in Sources */,
			);
			runOnlyForDeploymentPostprocessing = 0;
		};
/* End PBXSourcesBuildPhase section */

/* Begin PBXVariantGroup section */
		D846657C279749D100BA0793 /* LaunchScreen.storyboard */ = {
			isa = PBXVariantGroup;
			children = (
				D846657D279749D100BA0793 /* Base */,
			);
			name = LaunchScreen.storyboard;
			sourceTree = "<group>";
		};
/* End PBXVariantGroup section */

/* Begin XCBuildConfiguration section */
		D8466580279749D100BA0793 /* Debug */ = {
			isa = XCBuildConfiguration;
			buildSettings = {
				ALWAYS_SEARCH_USER_PATHS = NO;
				CLANG_ANALYZER_NONNULL = YES;
				CLANG_ANALYZER_NUMBER_OBJECT_CONVERSION = YES_AGGRESSIVE;
				CLANG_CXX_LANGUAGE_STANDARD = "gnu++17";
				CLANG_CXX_LIBRARY = "libc++";
				CLANG_ENABLE_MODULES = YES;
				CLANG_ENABLE_OBJC_ARC = YES;
				CLANG_ENABLE_OBJC_WEAK = YES;
				CLANG_WARN_BLOCK_CAPTURE_AUTORELEASING = YES;
				CLANG_WARN_BOOL_CONVERSION = YES;
				CLANG_WARN_COMMA = YES;
				CLANG_WARN_CONSTANT_CONVERSION = YES;
				CLANG_WARN_DEPRECATED_OBJC_IMPLEMENTATIONS = YES;
				CLANG_WARN_DIRECT_OBJC_ISA_USAGE = YES_ERROR;
				CLANG_WARN_DOCUMENTATION_COMMENTS = YES;
				CLANG_WARN_EMPTY_BODY = YES;
				CLANG_WARN_ENUM_CONVERSION = YES;
				CLANG_WARN_INFINITE_RECURSION = YES;
				CLANG_WARN_INT_CONVERSION = YES;
				CLANG_WARN_NON_LITERAL_NULL_CONVERSION = YES;
				CLANG_WARN_OBJC_IMPLICIT_RETAIN_SELF = YES;
				CLANG_WARN_OBJC_LITERAL_CONVERSION = YES;
				CLANG_WARN_OBJC_ROOT_CLASS = YES_ERROR;
				CLANG_WARN_QUOTED_INCLUDE_IN_FRAMEWORK_HEADER = YES;
				CLANG_WARN_RANGE_LOOP_ANALYSIS = YES;
				CLANG_WARN_STRICT_PROTOTYPES = YES;
				CLANG_WARN_SUSPICIOUS_MOVE = YES;
				CLANG_WARN_UNGUARDED_AVAILABILITY = YES_AGGRESSIVE;
				CLANG_WARN_UNREACHABLE_CODE = YES;
				CLANG_WARN__DUPLICATE_METHOD_MATCH = YES;
				COPY_PHASE_STRIP = NO;
				DEBUG_INFORMATION_FORMAT = dwarf;
				ENABLE_STRICT_OBJC_MSGSEND = YES;
				ENABLE_TESTABILITY = YES;
				GCC_C_LANGUAGE_STANDARD = gnu11;
				GCC_DYNAMIC_NO_PIC = NO;
				GCC_NO_COMMON_BLOCKS = YES;
				GCC_OPTIMIZATION_LEVEL = 0;
				GCC_PREPROCESSOR_DEFINITIONS = (
					"DEBUG=1",
					"$(inherited)",
				);
				GCC_WARN_64_TO_32_BIT_CONVERSION = YES;
				GCC_WARN_ABOUT_RETURN_TYPE = YES_ERROR;
				GCC_WARN_UNDECLARED_SELECTOR = YES;
				GCC_WARN_UNINITIALIZED_AUTOS = YES_AGGRESSIVE;
				GCC_WARN_UNUSED_FUNCTION = YES;
				GCC_WARN_UNUSED_VARIABLE = YES;
				IPHONEOS_DEPLOYMENT_TARGET = 13.0;
				MTL_ENABLE_DEBUG_INFO = INCLUDE_SOURCE;
				MTL_FAST_MATH = YES;
				ONLY_ACTIVE_ARCH = YES;
				SDKROOT = iphoneos;
				SWIFT_ACTIVE_COMPILATION_CONDITIONS = DEBUG;
				SWIFT_OPTIMIZATION_LEVEL = "-Onone";
			};
			name = Debug;
		};
		D8466581279749D100BA0793 /* Release */ = {
			isa = XCBuildConfiguration;
			buildSettings = {
				ALWAYS_SEARCH_USER_PATHS = NO;
				CLANG_ANALYZER_NONNULL = YES;
				CLANG_ANALYZER_NUMBER_OBJECT_CONVERSION = YES_AGGRESSIVE;
				CLANG_CXX_LANGUAGE_STANDARD = "gnu++17";
				CLANG_CXX_LIBRARY = "libc++";
				CLANG_ENABLE_MODULES = YES;
				CLANG_ENABLE_OBJC_ARC = YES;
				CLANG_ENABLE_OBJC_WEAK = YES;
				CLANG_WARN_BLOCK_CAPTURE_AUTORELEASING = YES;
				CLANG_WARN_BOOL_CONVERSION = YES;
				CLANG_WARN_COMMA = YES;
				CLANG_WARN_CONSTANT_CONVERSION = YES;
				CLANG_WARN_DEPRECATED_OBJC_IMPLEMENTATIONS = YES;
				CLANG_WARN_DIRECT_OBJC_ISA_USAGE = YES_ERROR;
				CLANG_WARN_DOCUMENTATION_COMMENTS = YES;
				CLANG_WARN_EMPTY_BODY = YES;
				CLANG_WARN_ENUM_CONVERSION = YES;
				CLANG_WARN_INFINITE_RECURSION = YES;
				CLANG_WARN_INT_CONVERSION = YES;
				CLANG_WARN_NON_LITERAL_NULL_CONVERSION = YES;
				CLANG_WARN_OBJC_IMPLICIT_RETAIN_SELF = YES;
				CLANG_WARN_OBJC_LITERAL_CONVERSION = YES;
				CLANG_WARN_OBJC_ROOT_CLASS = YES_ERROR;
				CLANG_WARN_QUOTED_INCLUDE_IN_FRAMEWORK_HEADER = YES;
				CLANG_WARN_RANGE_LOOP_ANALYSIS = YES;
				CLANG_WARN_STRICT_PROTOTYPES = YES;
				CLANG_WARN_SUSPICIOUS_MOVE = YES;
				CLANG_WARN_UNGUARDED_AVAILABILITY = YES_AGGRESSIVE;
				CLANG_WARN_UNREACHABLE_CODE = YES;
				CLANG_WARN__DUPLICATE_METHOD_MATCH = YES;
				COPY_PHASE_STRIP = NO;
				DEBUG_INFORMATION_FORMAT = "dwarf-with-dsym";
				ENABLE_NS_ASSERTIONS = NO;
				ENABLE_STRICT_OBJC_MSGSEND = YES;
				GCC_C_LANGUAGE_STANDARD = gnu11;
				GCC_NO_COMMON_BLOCKS = YES;
				GCC_WARN_64_TO_32_BIT_CONVERSION = YES;
				GCC_WARN_ABOUT_RETURN_TYPE = YES_ERROR;
				GCC_WARN_UNDECLARED_SELECTOR = YES;
				GCC_WARN_UNINITIALIZED_AUTOS = YES_AGGRESSIVE;
				GCC_WARN_UNUSED_FUNCTION = YES;
				GCC_WARN_UNUSED_VARIABLE = YES;
				IPHONEOS_DEPLOYMENT_TARGET = 13.0;
				MTL_ENABLE_DEBUG_INFO = NO;
				MTL_FAST_MATH = YES;
				SDKROOT = iphoneos;
				SWIFT_COMPILATION_MODE = wholemodule;
				SWIFT_OPTIMIZATION_LEVEL = "-O";
				VALIDATE_PRODUCT = YES;
			};
			name = Release;
		};
		D8466583279749D100BA0793 /* Debug */ = {
			isa = XCBuildConfiguration;
			baseConfigurationReference = 6D55DA9CFC9D0FC41F824CB7 /* Pods-UnsplashTestAssignment.debug.xcconfig */;
			buildSettings = {
				ASSETCATALOG_COMPILER_APPICON_NAME = AppIcon;
				ASSETCATALOG_COMPILER_GLOBAL_ACCENT_COLOR_NAME = AccentColor;
				CODE_SIGN_STYLE = Automatic;
				CURRENT_PROJECT_VERSION = 1;
				DEVELOPMENT_TEAM = 48949KRUQQ;
				GENERATE_INFOPLIST_FILE = YES;
				INFOPLIST_FILE = UnsplashTestAssignment/Info.plist;
				INFOPLIST_KEY_UIApplicationSupportsIndirectInputEvents = YES;
				INFOPLIST_KEY_UILaunchStoryboardName = LaunchScreen;
				INFOPLIST_KEY_UIMainStoryboardFile = LaunchScreen;
				INFOPLIST_KEY_UISupportedInterfaceOrientations = UIInterfaceOrientationPortrait;
				INFOPLIST_KEY_UISupportedInterfaceOrientations_iPad = "UIInterfaceOrientationPortrait UIInterfaceOrientationPortraitUpsideDown UIInterfaceOrientationLandscapeLeft UIInterfaceOrientationLandscapeRight";
				INFOPLIST_KEY_UISupportedInterfaceOrientations_iPhone = UIInterfaceOrientationPortrait;
				IPHONEOS_DEPLOYMENT_TARGET = 13.0;
				LD_RUNPATH_SEARCH_PATHS = (
					"$(inherited)",
					"@executable_path/Frameworks",
				);
				MARKETING_VERSION = 1.0;
				PRODUCT_BUNDLE_IDENTIFIER = BroSquad.UnsplashTestAssignment;
				PRODUCT_NAME = "$(TARGET_NAME)";
				SWIFT_EMIT_LOC_STRINGS = YES;
				SWIFT_VERSION = 5.0;
				TARGETED_DEVICE_FAMILY = 1;
			};
			name = Debug;
		};
		D8466584279749D100BA0793 /* Release */ = {
			isa = XCBuildConfiguration;
			baseConfigurationReference = D670C891384E30C3774EE495 /* Pods-UnsplashTestAssignment.release.xcconfig */;
			buildSettings = {
				ASSETCATALOG_COMPILER_APPICON_NAME = AppIcon;
				ASSETCATALOG_COMPILER_GLOBAL_ACCENT_COLOR_NAME = AccentColor;
				CODE_SIGN_STYLE = Automatic;
				CURRENT_PROJECT_VERSION = 1;
				DEVELOPMENT_TEAM = 48949KRUQQ;
				GENERATE_INFOPLIST_FILE = YES;
				INFOPLIST_FILE = UnsplashTestAssignment/Info.plist;
				INFOPLIST_KEY_UIApplicationSupportsIndirectInputEvents = YES;
				INFOPLIST_KEY_UILaunchStoryboardName = LaunchScreen;
				INFOPLIST_KEY_UIMainStoryboardFile = LaunchScreen;
				INFOPLIST_KEY_UISupportedInterfaceOrientations = UIInterfaceOrientationPortrait;
				INFOPLIST_KEY_UISupportedInterfaceOrientations_iPad = "UIInterfaceOrientationPortrait UIInterfaceOrientationPortraitUpsideDown UIInterfaceOrientationLandscapeLeft UIInterfaceOrientationLandscapeRight";
				INFOPLIST_KEY_UISupportedInterfaceOrientations_iPhone = UIInterfaceOrientationPortrait;
				IPHONEOS_DEPLOYMENT_TARGET = 13.0;
				LD_RUNPATH_SEARCH_PATHS = (
					"$(inherited)",
					"@executable_path/Frameworks",
				);
				MARKETING_VERSION = 1.0;
				PRODUCT_BUNDLE_IDENTIFIER = BroSquad.UnsplashTestAssignment;
				PRODUCT_NAME = "$(TARGET_NAME)";
				SWIFT_EMIT_LOC_STRINGS = YES;
				SWIFT_VERSION = 5.0;
				TARGETED_DEVICE_FAMILY = 1;
			};
			name = Release;
		};
/* End XCBuildConfiguration section */

/* Begin XCConfigurationList section */
		D8466569279749CC00BA0793 /* Build configuration list for PBXProject "UnsplashTestAssignment" */ = {
			isa = XCConfigurationList;
			buildConfigurations = (
				D8466580279749D100BA0793 /* Debug */,
				D8466581279749D100BA0793 /* Release */,
			);
			defaultConfigurationIsVisible = 0;
			defaultConfigurationName = Release;
		};
		D8466582279749D100BA0793 /* Build configuration list for PBXNativeTarget "UnsplashTestAssignment" */ = {
			isa = XCConfigurationList;
			buildConfigurations = (
				D8466583279749D100BA0793 /* Debug */,
				D8466584279749D100BA0793 /* Release */,
			);
			defaultConfigurationIsVisible = 0;
			defaultConfigurationName = Release;
		};
/* End XCConfigurationList section */

/* Begin XCVersionGroup section */
		D8667CC62799711B0045B8F7 /* Favorites.xcdatamodeld */ = {
			isa = XCVersionGroup;
			children = (
				D8667CC72799711B0045B8F7 /* Favorites.xcdatamodel */,
			);
			currentVersion = D8667CC72799711B0045B8F7 /* Favorites.xcdatamodel */;
			path = Favorites.xcdatamodeld;
			sourceTree = "<group>";
			versionGroupType = wrapper.xcdatamodel;
		};
/* End XCVersionGroup section */
	};
	rootObject = D8466566279749CC00BA0793 /* Project object */;
}
